
Microsoft Visual Studio Solution File, Format Version 12.00
# Visual Studio Version 17
VisualStudioVersion = 17.5.002.0
MinimumVisualStudioVersion = 10.0.40219.1
Project("{9A19103F-16F7-4668-BE54-9A1E7A4F7556}") = "BankApplication", "BankApplication.csproj", "{D1F93D60-E22D-430B-9E69-5D9D0A8367BF}"
EndProject
Global
	GlobalSection(SolutionConfigurationPlatforms) = preSolution
		Debug|Any CPU = Debug|Any CPU
		Release|Any CPU = Release|Any CPU
	EndGlobalSection
	GlobalSection(ProjectConfigurationPlatforms) = postSolution
		{D1F93D60-E22D-430B-9E69-5D9D0A8367BF}.Debug|Any CPU.ActiveCfg = Debug|Any CPU
		{D1F93D60-E22D-430B-9E69-5D9D0A8367BF}.Debug|Any CPU.Build.0 = Debug|Any CPU
		{D1F93D60-E22D-430B-9E69-5D9D0A8367BF}.Release|Any CPU.ActiveCfg = Release|Any CPU
		{D1F93D60-E22D-430B-9E69-5D9D0A8367BF}.Release|Any CPU.Build.0 = Release|Any CPU
	EndGlobalSection
	GlobalSection(SolutionProperties) = preSolution
		HideSolutionNode = FALSE
	EndGlobalSection
	GlobalSection(ExtensibilityGlobals) = postSolution
		SolutionGuid = {EC5A1B77-105B-4C24-938D-D07FAD287834}
	EndGlobalSection
EndGlobal
